
Microsoft Visual Studio Solution File, Format Version 12.00
# Visual Studio Version 17
VisualStudioVersion = 17.8.34330.188
MinimumVisualStudioVersion = 10.0.40219.1
Project("{FAE04EC0-301F-11D3-BF4B-00C04F79EFBC}") = "AutomapperTest", "AutomapperTest\AutomapperTest.csproj", "{5700BE83-E95B-4CA2-8DD9-CB1710938DA1}"
EndProject
Global
	GlobalSection(SolutionConfigurationPlatforms) = preSolution
		Debug|Any CPU = Debug|Any CPU
		Release|Any CPU = Release|Any CPU
	EndGlobalSection
	GlobalSection(ProjectConfigurationPlatforms) = postSolution
		{5700BE83-E95B-4CA2-8DD9-CB1710938DA1}.Debug|Any CPU.ActiveCfg = Debug|Any CPU
		{5700BE83-E95B-4CA2-8DD9-CB1710938DA1}.Debug|Any CPU.Build.0 = Debug|Any CPU
		{5700BE83-E95B-4CA2-8DD9-CB1710938DA1}.Release|Any CPU.ActiveCfg = Release|Any CPU
		{5700BE83-E95B-4CA2-8DD9-CB1710938DA1}.Release|Any CPU.Build.0 = Release|Any CPU
	EndGlobalSection
	GlobalSection(SolutionProperties) = preSolution
		HideSolutionNode = FALSE
	EndGlobalSection
	GlobalSection(ExtensibilityGlobals) = postSolution
		SolutionGuid = {E1312CFA-57D8-44A6-BB9C-CE5297CEAC23}
	EndGlobalSection
EndGlobal
